
Microsoft Visual Studio Solution File, Format Version 12.00
# Visual Studio Version 17
VisualStudioVersion = 17.7.34202.233
MinimumVisualStudioVersion = 10.0.40219.1
Project("{9A19103F-16F7-4668-BE54-9A1E7A4F7556}") = "BowlingGame.Client", "BowlingGame.Client\BowlingGame.Client.csproj", "{5FC6F34D-C400-46E8-BEDC-56E7C253EC52}"
EndProject
Project("{FAE04EC0-301F-11D3-BF4B-00C04F79EFBC}") = "BowlingGame.Data", "BowlingGame.Data\BowlingGame.Data.csproj", "{EF4A90C5-B767-4949-87B9-16013F064B0A}"
EndProject
Project("{FAE04EC0-301F-11D3-BF4B-00C04F79EFBC}") = "BowlinGame.Gccg", "BowlinGame.Gccg\BowlinGame.Gccg.csproj", "{DB7E1B51-C1F3-4E87-A28B-1EC648852766}"
EndProject
Global
	GlobalSection(SolutionConfigurationPlatforms) = preSolution
		Debug|Any CPU = Debug|Any CPU
		Release|Any CPU = Release|Any CPU
	EndGlobalSection
	GlobalSection(ProjectConfigurationPlatforms) = postSolution
		{5FC6F34D-C400-46E8-BEDC-56E7C253EC52}.Debug|Any CPU.ActiveCfg = Debug|Any CPU
		{5FC6F34D-C400-46E8-BEDC-56E7C253EC52}.Debug|Any CPU.Build.0 = Debug|Any CPU
		{5FC6F34D-C400-46E8-BEDC-56E7C253EC52}.Release|Any CPU.ActiveCfg = Release|Any CPU
		{5FC6F34D-C400-46E8-BEDC-56E7C253EC52}.Release|Any CPU.Build.0 = Release|Any CPU
		{EF4A90C5-B767-4949-87B9-16013F064B0A}.Debug|Any CPU.ActiveCfg = Debug|Any CPU
		{EF4A90C5-B767-4949-87B9-16013F064B0A}.Debug|Any CPU.Build.0 = Debug|Any CPU
		{EF4A90C5-B767-4949-87B9-16013F064B0A}.Release|Any CPU.ActiveCfg = Release|Any CPU
		{EF4A90C5-B767-4949-87B9-16013F064B0A}.Release|Any CPU.Build.0 = Release|Any CPU
		{DB7E1B51-C1F3-4E87-A28B-1EC648852766}.Debug|Any CPU.ActiveCfg = Debug|Any CPU
		{DB7E1B51-C1F3-4E87-A28B-1EC648852766}.Debug|Any CPU.Build.0 = Debug|Any CPU
		{DB7E1B51-C1F3-4E87-A28B-1EC648852766}.Release|Any CPU.ActiveCfg = Release|Any CPU
		{DB7E1B51-C1F3-4E87-A28B-1EC648852766}.Release|Any CPU.Build.0 = Release|Any CPU
	EndGlobalSection
	GlobalSection(SolutionProperties) = preSolution
		HideSolutionNode = FALSE
	EndGlobalSection
	GlobalSection(ExtensibilityGlobals) = postSolution
		SolutionGuid = {5A861774-0BB2-47E4-B7F4-AA48604E1AF1}
	EndGlobalSection
EndGlobal
